// !$*UTF8*$!
{
	archiveVersion = 1;
	classes = {
	};
	objectVersion = 46;
	objects = {

/* Begin PBXBuildFile section */
		1BE67CEBFE5E278DFD6DBFF4 /* Pods_ExpenseEntry.framework in Frameworks */ = {isa = PBXBuildFile; fileRef = 30992C3738E02D422D551E29 /* Pods_ExpenseEntry.framework */; };
		D2BC7DD11E09B25F0040C489 /* AppDelegate.swift in Sources */ = {isa = PBXBuildFile; fileRef = D2BC7DD01E09B25F0040C489 /* AppDelegate.swift */; };
		D2BC7DD81E09B25F0040C489 /* Main.storyboard in Resources */ = {isa = PBXBuildFile; fileRef = D2BC7DD61E09B25F0040C489 /* Main.storyboard */; };
		D2BC7DDA1E09B25F0040C489 /* Assets.xcassets in Resources */ = {isa = PBXBuildFile; fileRef = D2BC7DD91E09B25F0040C489 /* Assets.xcassets */; };
		D2BC7DDD1E09B25F0040C489 /* LaunchScreen.storyboard in Resources */ = {isa = PBXBuildFile; fileRef = D2BC7DDB1E09B25F0040C489 /* LaunchScreen.storyboard */; };
		FA8F556320162DFF005C1127 /* Data+SHA.swift in Sources */ = {isa = PBXBuildFile; fileRef = FA8F556220162DFF005C1127 /* Data+SHA.swift */; };
		FAA4DBD62028B1860022CEE4 /* UIViewController+Spinner.swift in Sources */ = {isa = PBXBuildFile; fileRef = FAA4DBD52028B1860022CEE4 /* UIViewController+Spinner.swift */; };
		FAB27778217F47330096AD53 /* DateTableViewCell.swift in Sources */ = {isa = PBXBuildFile; fileRef = FAB27776217F47330096AD53 /* DateTableViewCell.swift */; };
		FAB27779217F47330096AD53 /* DateTableViewCell.xib in Resources */ = {isa = PBXBuildFile; fileRef = FAB27777217F47330096AD53 /* DateTableViewCell.xib */; };
		FAB2777C217F474D0096AD53 /* PickerTableViewCell.swift in Sources */ = {isa = PBXBuildFile; fileRef = FAB2777A217F474D0096AD53 /* PickerTableViewCell.swift */; };
		FAB2777D217F474D0096AD53 /* PickerTableViewCell.xib in Resources */ = {isa = PBXBuildFile; fileRef = FAB2777B217F474D0096AD53 /* PickerTableViewCell.xib */; };
		FAB27780217F47680096AD53 /* ExpenseAmountTableViewCell.swift in Sources */ = {isa = PBXBuildFile; fileRef = FAB2777E217F47680096AD53 /* ExpenseAmountTableViewCell.swift */; };
		FAB27781217F47680096AD53 /* ExpenseAmountTableViewCell.xib in Resources */ = {isa = PBXBuildFile; fileRef = FAB2777F217F47680096AD53 /* ExpenseAmountTableViewCell.xib */; };
		FAB27783217F4B5C0096AD53 /* ExpenseEntryTableViewController.swift in Sources */ = {isa = PBXBuildFile; fileRef = FAB27782217F4B5C0096AD53 /* ExpenseEntryTableViewController.swift */; };
		FAB27786217F4D480096AD53 /* UITableView+Register.swift in Sources */ = {isa = PBXBuildFile; fileRef = FAB27785217F4D480096AD53 /* UITableView+Register.swift */; };
		FAB27788217F52450096AD53 /* ConfigurableCell.swift in Sources */ = {isa = PBXBuildFile; fileRef = FAB27787217F52450096AD53 /* ConfigurableCell.swift */; };
		FAB2778B217F6E2F0096AD53 /* CaptureTableViewCell.swift in Sources */ = {isa = PBXBuildFile; fileRef = FAB27789217F6E2F0096AD53 /* CaptureTableViewCell.swift */; };
		FAB2778C217F6E2F0096AD53 /* CaptureTableViewCell.xib in Resources */ = {isa = PBXBuildFile; fileRef = FAB2778A217F6E2F0096AD53 /* CaptureTableViewCell.xib */; };
		FAB5B6D71E0ABE20005CC6F7 /* ExpenseReportTableViewController.swift in Sources */ = {isa = PBXBuildFile; fileRef = FAB5B6D61E0ABE20005CC6F7 /* ExpenseReportTableViewController.swift */; };
		FAB5B6D91E0ABF12005CC6F7 /* ExpenseEntryTableViewCell.swift in Sources */ = {isa = PBXBuildFile; fileRef = FAB5B6D81E0ABF12005CC6F7 /* ExpenseEntryTableViewCell.swift */; };
		FABDDA88202496EA00B66872 /* NewtorkSupport.swift in Sources */ = {isa = PBXBuildFile; fileRef = FABDDA87202496EA00B66872 /* NewtorkSupport.swift */; };
		FAEC39392020C00600CE5263 /* UIImage+Scale.swift in Sources */ = {isa = PBXBuildFile; fileRef = FAEC39382020C00600CE5263 /* UIImage+Scale.swift */; };
		FAFA23AB200FBE39006A4BBA /* CameraViewController.swift in Sources */ = {isa = PBXBuildFile; fileRef = FAFA23AA200FBE39006A4BBA /* CameraViewController.swift */; };
		FAFA23AE200FC420006A4BBA /* ExpenseEntry.swift in Sources */ = {isa = PBXBuildFile; fileRef = FAFA23AD200FC420006A4BBA /* ExpenseEntry.swift */; };
		FAFA23B0200FC498006A4BBA /* ExpensesModel.swift in Sources */ = {isa = PBXBuildFile; fileRef = FAFA23AF200FC498006A4BBA /* ExpensesModel.swift */; };
/* End PBXBuildFile section */

/* Begin PBXFileReference section */
		30992C3738E02D422D551E29 /* Pods_ExpenseEntry.framework */ = {isa = PBXFileReference; explicitFileType = wrapper.framework; includeInIndex = 0; path = Pods_ExpenseEntry.framework; sourceTree = BUILT_PRODUCTS_DIR; };
		B78742EB0B587B9490714070 /* Pods-ExpenseEntry.debug.xcconfig */ = {isa = PBXFileReference; includeInIndex = 1; lastKnownFileType = text.xcconfig; name = "Pods-ExpenseEntry.debug.xcconfig"; path = "Pods/Target Support Files/Pods-ExpenseEntry/Pods-ExpenseEntry.debug.xcconfig"; sourceTree = "<group>"; };
		D062C2E541616654AB7E0F8F /* Pods-ExpenseEntry.release.xcconfig */ = {isa = PBXFileReference; includeInIndex = 1; lastKnownFileType = text.xcconfig; name = "Pods-ExpenseEntry.release.xcconfig"; path = "Pods/Target Support Files/Pods-ExpenseEntry/Pods-ExpenseEntry.release.xcconfig"; sourceTree = "<group>"; };
		D2BC7DCD1E09B25F0040C489 /* ExpenseEntry.app */ = {isa = PBXFileReference; explicitFileType = wrapper.application; includeInIndex = 0; path = ExpenseEntry.app; sourceTree = BUILT_PRODUCTS_DIR; };
		D2BC7DD01E09B25F0040C489 /* AppDelegate.swift */ = {isa = PBXFileReference; lastKnownFileType = sourcecode.swift; path = AppDelegate.swift; sourceTree = "<group>"; };
		D2BC7DD71E09B25F0040C489 /* Base */ = {isa = PBXFileReference; lastKnownFileType = file.storyboard; name = Base; path = Base.lproj/Main.storyboard; sourceTree = "<group>"; };
		D2BC7DD91E09B25F0040C489 /* Assets.xcassets */ = {isa = PBXFileReference; lastKnownFileType = folder.assetcatalog; path = Assets.xcassets; sourceTree = "<group>"; };
		D2BC7DDC1E09B25F0040C489 /* Base */ = {isa = PBXFileReference; lastKnownFileType = file.storyboard; name = Base; path = Base.lproj/LaunchScreen.storyboard; sourceTree = "<group>"; };
		D2BC7DDE1E09B25F0040C489 /* Info.plist */ = {isa = PBXFileReference; lastKnownFileType = text.plist.xml; path = Info.plist; sourceTree = "<group>"; };
		FA7559CD216EC41900E42219 /* ExpenseEntry.entitlements */ = {isa = PBXFileReference; lastKnownFileType = text.plist.entitlements; path = ExpenseEntry.entitlements; sourceTree = "<group>"; };
		FA8F555B201287E8005C1127 /* libz.tbd */ = {isa = PBXFileReference; lastKnownFileType = "sourcecode.text-based-dylib-definition"; name = libz.tbd; path = usr/lib/libz.tbd; sourceTree = SDKROOT; };
		FA8F555E20162B61005C1127 /* ExpenseEntryBridging.h */ = {isa = PBXFileReference; lastKnownFileType = sourcecode.c.h; path = ExpenseEntryBridging.h; sourceTree = "<group>"; };
		FA8F556220162DFF005C1127 /* Data+SHA.swift */ = {isa = PBXFileReference; fileEncoding = 4; lastKnownFileType = sourcecode.swift; path = "Data+SHA.swift"; sourceTree = "<group>"; };
		FAA4DBD52028B1860022CEE4 /* UIViewController+Spinner.swift */ = {isa = PBXFileReference; lastKnownFileType = sourcecode.swift; path = "UIViewController+Spinner.swift"; sourceTree = "<group>"; };
		FAB27776217F47330096AD53 /* DateTableViewCell.swift */ = {isa = PBXFileReference; lastKnownFileType = sourcecode.swift; path = DateTableViewCell.swift; sourceTree = "<group>"; };
		FAB27777217F47330096AD53 /* DateTableViewCell.xib */ = {isa = PBXFileReference; lastKnownFileType = file.xib; path = DateTableViewCell.xib; sourceTree = "<group>"; };
		FAB2777A217F474D0096AD53 /* PickerTableViewCell.swift */ = {isa = PBXFileReference; lastKnownFileType = sourcecode.swift; path = PickerTableViewCell.swift; sourceTree = "<group>"; };
		FAB2777B217F474D0096AD53 /* PickerTableViewCell.xib */ = {isa = PBXFileReference; lastKnownFileType = file.xib; path = PickerTableViewCell.xib; sourceTree = "<group>"; };
		FAB2777E217F47680096AD53 /* ExpenseAmountTableViewCell.swift */ = {isa = PBXFileReference; lastKnownFileType = sourcecode.swift; path = ExpenseAmountTableViewCell.swift; sourceTree = "<group>"; };
		FAB2777F217F47680096AD53 /* ExpenseAmountTableViewCell.xib */ = {isa = PBXFileReference; lastKnownFileType = file.xib; path = ExpenseAmountTableViewCell.xib; sourceTree = "<group>"; };
		FAB27782217F4B5C0096AD53 /* ExpenseEntryTableViewController.swift */ = {isa = PBXFileReference; lastKnownFileType = sourcecode.swift; path = ExpenseEntryTableViewController.swift; sourceTree = "<group>"; };
		FAB27785217F4D480096AD53 /* UITableView+Register.swift */ = {isa = PBXFileReference; lastKnownFileType = sourcecode.swift; path = "UITableView+Register.swift"; sourceTree = "<group>"; };
		FAB27787217F52450096AD53 /* ConfigurableCell.swift */ = {isa = PBXFileReference; lastKnownFileType = sourcecode.swift; path = ConfigurableCell.swift; sourceTree = "<group>"; };
		FAB27789217F6E2F0096AD53 /* CaptureTableViewCell.swift */ = {isa = PBXFileReference; lastKnownFileType = sourcecode.swift; path = CaptureTableViewCell.swift; sourceTree = "<group>"; };
		FAB2778A217F6E2F0096AD53 /* CaptureTableViewCell.xib */ = {isa = PBXFileReference; lastKnownFileType = file.xib; path = CaptureTableViewCell.xib; sourceTree = "<group>"; };
		FAB5B6D61E0ABE20005CC6F7 /* ExpenseReportTableViewController.swift */ = {isa = PBXFileReference; fileEncoding = 4; lastKnownFileType = sourcecode.swift; path = ExpenseReportTableViewController.swift; sourceTree = "<group>"; };
		FAB5B6D81E0ABF12005CC6F7 /* ExpenseEntryTableViewCell.swift */ = {isa = PBXFileReference; fileEncoding = 4; lastKnownFileType = sourcecode.swift; path = ExpenseEntryTableViewCell.swift; sourceTree = "<group>"; };
		FABDDA87202496EA00B66872 /* NewtorkSupport.swift */ = {isa = PBXFileReference; lastKnownFileType = sourcecode.swift; path = NewtorkSupport.swift; sourceTree = "<group>"; };
		FAEC39382020C00600CE5263 /* UIImage+Scale.swift */ = {isa = PBXFileReference; lastKnownFileType = sourcecode.swift; path = "UIImage+Scale.swift"; sourceTree = "<group>"; };
		FAFA23AA200FBE39006A4BBA /* CameraViewController.swift */ = {isa = PBXFileReference; lastKnownFileType = sourcecode.swift; path = CameraViewController.swift; sourceTree = "<group>"; };
		FAFA23AD200FC420006A4BBA /* ExpenseEntry.swift */ = {isa = PBXFileReference; lastKnownFileType = sourcecode.swift; path = ExpenseEntry.swift; sourceTree = "<group>"; };
		FAFA23AF200FC498006A4BBA /* ExpensesModel.swift */ = {isa = PBXFileReference; lastKnownFileType = sourcecode.swift; path = ExpensesModel.swift; sourceTree = "<group>"; };
/* End PBXFileReference section */

/* Begin PBXFrameworksBuildPhase section */
		D2BC7DCA1E09B25F0040C489 /* Frameworks */ = {
			isa = PBXFrameworksBuildPhase;
			buildActionMask = 2147483647;
			files = (
				1BE67CEBFE5E278DFD6DBFF4 /* Pods_ExpenseEntry.framework in Frameworks */,
			);
			runOnlyForDeploymentPostprocessing = 0;
		};
/* End PBXFrameworksBuildPhase section */

/* Begin PBXGroup section */
		33A6A8D60A95DE9A1856397B /* Pods */ = {
			isa = PBXGroup;
			children = (
				B78742EB0B587B9490714070 /* Pods-ExpenseEntry.debug.xcconfig */,
				D062C2E541616654AB7E0F8F /* Pods-ExpenseEntry.release.xcconfig */,
			);
			name = Pods;
			sourceTree = "<group>";
		};
		C0E680992B336034B5490F40 /* Frameworks */ = {
			isa = PBXGroup;
			children = (
				FA8F555B201287E8005C1127 /* libz.tbd */,
				30992C3738E02D422D551E29 /* Pods_ExpenseEntry.framework */,
			);
			name = Frameworks;
			sourceTree = "<group>";
		};
		D2BC7DC41E09B25F0040C489 = {
			isa = PBXGroup;
			children = (
				D2BC7DCF1E09B25F0040C489 /* ExpenseEntry */,
				D2BC7DCE1E09B25F0040C489 /* Products */,
				33A6A8D60A95DE9A1856397B /* Pods */,
				C0E680992B336034B5490F40 /* Frameworks */,
			);
			sourceTree = "<group>";
		};
		D2BC7DCE1E09B25F0040C489 /* Products */ = {
			isa = PBXGroup;
			children = (
				D2BC7DCD1E09B25F0040C489 /* ExpenseEntry.app */,
			);
			name = Products;
			sourceTree = "<group>";
		};
		D2BC7DCF1E09B25F0040C489 /* ExpenseEntry */ = {
			isa = PBXGroup;
			children = (
				FAB27784217F4D280096AD53 /* Extensions */,
				FA7559CD216EC41900E42219 /* ExpenseEntry.entitlements */,
				FAB27775217F47150096AD53 /* Cells */,
				FAFA23AC200FC407006A4BBA /* Model */,
				FA8F556120162DDF005C1127 /* Utilities */,
				D2BC7DD01E09B25F0040C489 /* AppDelegate.swift */,
				FAB27782217F4B5C0096AD53 /* ExpenseEntryTableViewController.swift */,
				FAB5B6D61E0ABE20005CC6F7 /* ExpenseReportTableViewController.swift */,
				FAB5B6D81E0ABF12005CC6F7 /* ExpenseEntryTableViewCell.swift */,
				FAFA23AA200FBE39006A4BBA /* CameraViewController.swift */,
				D2BC7DD61E09B25F0040C489 /* Main.storyboard */,
				D2BC7DD91E09B25F0040C489 /* Assets.xcassets */,
				D2BC7DDB1E09B25F0040C489 /* LaunchScreen.storyboard */,
				D2BC7DDE1E09B25F0040C489 /* Info.plist */,
				FA8F555E20162B61005C1127 /* ExpenseEntryBridging.h */,
			);
			path = ExpenseEntry;
			sourceTree = "<group>";
		};
		FA8F556120162DDF005C1127 /* Utilities */ = {
			isa = PBXGroup;
			children = (
				FA8F556220162DFF005C1127 /* Data+SHA.swift */,
				FAEC39382020C00600CE5263 /* UIImage+Scale.swift */,
				FABDDA87202496EA00B66872 /* NewtorkSupport.swift */,
				FAA4DBD52028B1860022CEE4 /* UIViewController+Spinner.swift */,
			);
			path = Utilities;
			sourceTree = "<group>";
		};
		FAB27775217F47150096AD53 /* Cells */ = {
			isa = PBXGroup;
			children = (
				FAB27787217F52450096AD53 /* ConfigurableCell.swift */,
				FAB27776217F47330096AD53 /* DateTableViewCell.swift */,
				FAB27777217F47330096AD53 /* DateTableViewCell.xib */,
				FAB2777A217F474D0096AD53 /* PickerTableViewCell.swift */,
				FAB2777B217F474D0096AD53 /* PickerTableViewCell.xib */,
				FAB2777E217F47680096AD53 /* ExpenseAmountTableViewCell.swift */,
				FAB2777F217F47680096AD53 /* ExpenseAmountTableViewCell.xib */,
				FAB27789217F6E2F0096AD53 /* CaptureTableViewCell.swift */,
				FAB2778A217F6E2F0096AD53 /* CaptureTableViewCell.xib */,
			);
			path = Cells;
			sourceTree = "<group>";
		};
		FAB27784217F4D280096AD53 /* Extensions */ = {
			isa = PBXGroup;
			children = (
				FAB27785217F4D480096AD53 /* UITableView+Register.swift */,
			);
			path = Extensions;
			sourceTree = "<group>";
		};
		FAFA23AC200FC407006A4BBA /* Model */ = {
			isa = PBXGroup;
			children = (
				FAFA23AD200FC420006A4BBA /* ExpenseEntry.swift */,
				FAFA23AF200FC498006A4BBA /* ExpensesModel.swift */,
			);
			path = Model;
			sourceTree = "<group>";
		};
/* End PBXGroup section */

/* Begin PBXNativeTarget section */
		D2BC7DCC1E09B25F0040C489 /* ExpenseEntry */ = {
			isa = PBXNativeTarget;
			buildConfigurationList = D2BC7DE11E09B25F0040C489 /* Build configuration list for PBXNativeTarget "ExpenseEntry" */;
			buildPhases = (
				C774D6C670E27D9E6DC53D29 /* [CP] Check Pods Manifest.lock */,
				D2BC7DC91E09B25F0040C489 /* Sources */,
				D2BC7DCA1E09B25F0040C489 /* Frameworks */,
				D2BC7DCB1E09B25F0040C489 /* Resources */,
				C9366A75ADC50CFC3D5F1B05 /* [CP] Embed Pods Frameworks */,
			);
			buildRules = (
			);
			dependencies = (
			);
			name = ExpenseEntry;
			productName = ExpenseEntry;
			productReference = D2BC7DCD1E09B25F0040C489 /* ExpenseEntry.app */;
			productType = "com.apple.product-type.application";
		};
/* End PBXNativeTarget section */

/* Begin PBXProject section */
		D2BC7DC51E09B25F0040C489 /* Project object */ = {
			isa = PBXProject;
			attributes = {
				LastSwiftUpdateCheck = 0810;
				LastUpgradeCheck = 1000;
				ORGANIZATIONNAME = "Touch Sciences";
				TargetAttributes = {
					D2BC7DCC1E09B25F0040C489 = {
						CreatedOnToolsVersion = 8.1;
						DevelopmentTeam = R9G77R8PMG;
						LastSwiftMigration = 0910;
						ProvisioningStyle = Automatic;
						SystemCapabilities = {
							com.apple.Keychain = {
								enabled = 1;
							};
							com.apple.iCloud = {
								enabled = 1;
							};
						};
					};
				};
			};
			buildConfigurationList = D2BC7DC81E09B25F0040C489 /* Build configuration list for PBXProject "ExpenseEntry" */;
			compatibilityVersion = "Xcode 3.2";
			developmentRegion = English;
			hasScannedForEncodings = 0;
			knownRegions = (
				en,
				Base,
			);
			mainGroup = D2BC7DC41E09B25F0040C489;
			productRefGroup = D2BC7DCE1E09B25F0040C489 /* Products */;
			projectDirPath = "";
			projectRoot = "";
			targets = (
				D2BC7DCC1E09B25F0040C489 /* ExpenseEntry */,
			);
		};
/* End PBXProject section */

/* Begin PBXResourcesBuildPhase section */
		D2BC7DCB1E09B25F0040C489 /* Resources */ = {
			isa = PBXResourcesBuildPhase;
			buildActionMask = 2147483647;
			files = (
				D2BC7DDD1E09B25F0040C489 /* LaunchScreen.storyboard in Resources */,
				FAB2777D217F474D0096AD53 /* PickerTableViewCell.xib in Resources */,
				FAB27781217F47680096AD53 /* ExpenseAmountTableViewCell.xib in Resources */,
				D2BC7DDA1E09B25F0040C489 /* Assets.xcassets in Resources */,
				D2BC7DD81E09B25F0040C489 /* Main.storyboard in Resources */,
				FAB2778C217F6E2F0096AD53 /* CaptureTableViewCell.xib in Resources */,
				FAB27779217F47330096AD53 /* DateTableViewCell.xib in Resources */,
			);
			runOnlyForDeploymentPostprocessing = 0;
		};
/* End PBXResourcesBuildPhase section */

/* Begin PBXShellScriptBuildPhase section */
		C774D6C670E27D9E6DC53D29 /* [CP] Check Pods Manifest.lock */ = {
			isa = PBXShellScriptBuildPhase;
			buildActionMask = 2147483647;
			files = (
			);
			inputPaths = (
				"${PODS_PODFILE_DIR_PATH}/Podfile.lock",
				"${PODS_ROOT}/Manifest.lock",
			);
			name = "[CP] Check Pods Manifest.lock";
			outputPaths = (
				"$(DERIVED_FILE_DIR)/Pods-ExpenseEntry-checkManifestLockResult.txt",
			);
			runOnlyForDeploymentPostprocessing = 0;
			shellPath = /bin/sh;
			shellScript = "diff \"${PODS_PODFILE_DIR_PATH}/Podfile.lock\" \"${PODS_ROOT}/Manifest.lock\" > /dev/null\nif [ $? != 0 ] ; then\n    # print error to STDERR\n    echo \"error: The sandbox is not in sync with the Podfile.lock. Run 'pod install' or update your CocoaPods installation.\" >&2\n    exit 1\nfi\n# This output is used by Xcode 'outputs' to avoid re-running this script phase.\necho \"SUCCESS\" > \"${SCRIPT_OUTPUT_FILE_0}\"\n";
			showEnvVarsInLog = 0;
		};
		C9366A75ADC50CFC3D5F1B05 /* [CP] Embed Pods Frameworks */ = {
			isa = PBXShellScriptBuildPhase;
			buildActionMask = 2147483647;
			files = (
			);
			inputPaths = (
				"${SRCROOT}/Pods/Target Support Files/Pods-ExpenseEntry/Pods-ExpenseEntry-frameworks.sh",
				"${BUILT_PRODUCTS_DIR}/SSZipArchive/SSZipArchive.framework",
				"${BUILT_PRODUCTS_DIR}/TPKeyboardAvoiding/TPKeyboardAvoiding.framework",
			);
			name = "[CP] Embed Pods Frameworks";
			outputPaths = (
				"${TARGET_BUILD_DIR}/${FRAMEWORKS_FOLDER_PATH}/SSZipArchive.framework",
				"${TARGET_BUILD_DIR}/${FRAMEWORKS_FOLDER_PATH}/TPKeyboardAvoiding.framework",
			);
			runOnlyForDeploymentPostprocessing = 0;
			shellPath = /bin/sh;
			shellScript = "\"${SRCROOT}/Pods/Target Support Files/Pods-ExpenseEntry/Pods-ExpenseEntry-frameworks.sh\"\n";
			showEnvVarsInLog = 0;
		};
/* End PBXShellScriptBuildPhase section */

/* Begin PBXSourcesBuildPhase section */
		D2BC7DC91E09B25F0040C489 /* Sources */ = {
			isa = PBXSourcesBuildPhase;
			buildActionMask = 2147483647;
			files = (
				FAB27780217F47680096AD53 /* ExpenseAmountTableViewCell.swift in Sources */,
				D2BC7DD11E09B25F0040C489 /* AppDelegate.swift in Sources */,
				FAB5B6D71E0ABE20005CC6F7 /* ExpenseReportTableViewController.swift in Sources */,
				FA8F556320162DFF005C1127 /* Data+SHA.swift in Sources */,
				FAB2777C217F474D0096AD53 /* PickerTableViewCell.swift in Sources */,
				FAB27778217F47330096AD53 /* DateTableViewCell.swift in Sources */,
				FAB2778B217F6E2F0096AD53 /* CaptureTableViewCell.swift in Sources */,
				FAB27786217F4D480096AD53 /* UITableView+Register.swift in Sources */,
				FAB27788217F52450096AD53 /* ConfigurableCell.swift in Sources */,
				FAB5B6D91E0ABF12005CC6F7 /* ExpenseEntryTableViewCell.swift in Sources */,
				FAEC39392020C00600CE5263 /* UIImage+Scale.swift in Sources */,
				FAFA23B0200FC498006A4BBA /* ExpensesModel.swift in Sources */,
				FAB27783217F4B5C0096AD53 /* ExpenseEntryTableViewController.swift in Sources */,
				FAFA23AB200FBE39006A4BBA /* CameraViewController.swift in Sources */,
				FABDDA88202496EA00B66872 /* NewtorkSupport.swift in Sources */,
				FAFA23AE200FC420006A4BBA /* ExpenseEntry.swift in Sources */,
				FAA4DBD62028B1860022CEE4 /* UIViewController+Spinner.swift in Sources */,
			);
			runOnlyForDeploymentPostprocessing = 0;
		};
/* End PBXSourcesBuildPhase section */

/* Begin PBXVariantGroup section */
		D2BC7DD61E09B25F0040C489 /* Main.storyboard */ = {
			isa = PBXVariantGroup;
			children = (
				D2BC7DD71E09B25F0040C489 /* Base */,
			);
			name = Main.storyboard;
			sourceTree = "<group>";
		};
		D2BC7DDB1E09B25F0040C489 /* LaunchScreen.storyboard */ = {
			isa = PBXVariantGroup;
			children = (
				D2BC7DDC1E09B25F0040C489 /* Base */,
			);
			name = LaunchScreen.storyboard;
			sourceTree = "<group>";
		};
/* End PBXVariantGroup section */

/* Begin XCBuildConfiguration section */
		D2BC7DDF1E09B25F0040C489 /* Debug */ = {
			isa = XCBuildConfiguration;
			buildSettings = {
				ALWAYS_SEARCH_USER_PATHS = NO;
				CLANG_ANALYZER_NONNULL = YES;
				CLANG_CXX_LANGUAGE_STANDARD = "gnu++0x";
				CLANG_CXX_LIBRARY = "libc++";
				CLANG_ENABLE_MODULES = YES;
				CLANG_ENABLE_OBJC_ARC = YES;
				CLANG_WARN_BLOCK_CAPTURE_AUTORELEASING = YES;
				CLANG_WARN_BOOL_CONVERSION = YES;
				CLANG_WARN_COMMA = YES;
				CLANG_WARN_CONSTANT_CONVERSION = YES;
				CLANG_WARN_DEPRECATED_OBJC_IMPLEMENTATIONS = YES;
				CLANG_WARN_DIRECT_OBJC_ISA_USAGE = YES_ERROR;
				CLANG_WARN_DOCUMENTATION_COMMENTS = YES;
				CLANG_WARN_EMPTY_BODY = YES;
				CLANG_WARN_ENUM_CONVERSION = YES;
				CLANG_WARN_INFINITE_RECURSION = YES;
				CLANG_WARN_INT_CONVERSION = YES;
				CLANG_WARN_NON_LITERAL_NULL_CONVERSION = YES;
				CLANG_WARN_OBJC_IMPLICIT_RETAIN_SELF = YES;
				CLANG_WARN_OBJC_LITERAL_CONVERSION = YES;
				CLANG_WARN_OBJC_ROOT_CLASS = YES_ERROR;
				CLANG_WARN_RANGE_LOOP_ANALYSIS = YES;
				CLANG_WARN_STRICT_PROTOTYPES = YES;
				CLANG_WARN_SUSPICIOUS_MOVE = YES;
				CLANG_WARN_SUSPICIOUS_MOVES = YES;
				CLANG_WARN_UNREACHABLE_CODE = YES;
				CLANG_WARN__DUPLICATE_METHOD_MATCH = YES;
				"CODE_SIGN_IDENTITY[sdk=iphoneos*]" = "iPhone Developer";
				COPY_PHASE_STRIP = NO;
				DEBUG_INFORMATION_FORMAT = dwarf;
				ENABLE_STRICT_OBJC_MSGSEND = YES;
				ENABLE_TESTABILITY = YES;
				GCC_C_LANGUAGE_STANDARD = gnu99;
				GCC_DYNAMIC_NO_PIC = NO;
				GCC_NO_COMMON_BLOCKS = YES;
				GCC_OPTIMIZATION_LEVEL = 0;
				GCC_PREPROCESSOR_DEFINITIONS = (
					"DEBUG=1",
					"$(inherited)",
				);
				GCC_WARN_64_TO_32_BIT_CONVERSION = YES;
				GCC_WARN_ABOUT_RETURN_TYPE = YES_ERROR;
				GCC_WARN_UNDECLARED_SELECTOR = YES;
				GCC_WARN_UNINITIALIZED_AUTOS = YES_AGGRESSIVE;
				GCC_WARN_UNUSED_FUNCTION = YES;
				GCC_WARN_UNUSED_VARIABLE = YES;
				IPHONEOS_DEPLOYMENT_TARGET = 10.1;
				MTL_ENABLE_DEBUG_INFO = YES;
				ONLY_ACTIVE_ARCH = YES;
				SDKROOT = iphoneos;
				SWIFT_ACTIVE_COMPILATION_CONDITIONS = DEBUG;
				SWIFT_OPTIMIZATION_LEVEL = "-Onone";
			};
			name = Debug;
		};
		D2BC7DE01E09B25F0040C489 /* Release */ = {
			isa = XCBuildConfiguration;
			buildSettings = {
				ALWAYS_SEARCH_USER_PATHS = NO;
				CLANG_ANALYZER_NONNULL = YES;
				CLANG_CXX_LANGUAGE_STANDARD = "gnu++0x";
				CLANG_CXX_LIBRARY = "libc++";
				CLANG_ENABLE_MODULES = YES;
				CLANG_ENABLE_OBJC_ARC = YES;
				CLANG_WARN_BLOCK_CAPTURE_AUTORELEASING = YES;
				CLANG_WARN_BOOL_CONVERSION = YES;
				CLANG_WARN_COMMA = YES;
				CLANG_WARN_CONSTANT_CONVERSION = YES;
				CLANG_WARN_DEPRECATED_OBJC_IMPLEMENTATIONS = YES;
				CLANG_WARN_DIRECT_OBJC_ISA_USAGE = YES_ERROR;
				CLANG_WARN_DOCUMENTATION_COMMENTS = YES;
				CLANG_WARN_EMPTY_BODY = YES;
				CLANG_WARN_ENUM_CONVERSION = YES;
				CLANG_WARN_INFINITE_RECURSION = YES;
				CLANG_WARN_INT_CONVERSION = YES;
				CLANG_WARN_NON_LITERAL_NULL_CONVERSION = YES;
				CLANG_WARN_OBJC_IMPLICIT_RETAIN_SELF = YES;
				CLANG_WARN_OBJC_LITERAL_CONVERSION = YES;
				CLANG_WARN_OBJC_ROOT_CLASS = YES_ERROR;
				CLANG_WARN_RANGE_LOOP_ANALYSIS = YES;
				CLANG_WARN_STRICT_PROTOTYPES = YES;
				CLANG_WARN_SUSPICIOUS_MOVE = YES;
				CLANG_WARN_SUSPICIOUS_MOVES = YES;
				CLANG_WARN_UNREACHABLE_CODE = YES;
				CLANG_WARN__DUPLICATE_METHOD_MATCH = YES;
				"CODE_SIGN_IDENTITY[sdk=iphoneos*]" = "iPhone Developer";
				COPY_PHASE_STRIP = NO;
				DEBUG_INFORMATION_FORMAT = "dwarf-with-dsym";
				ENABLE_NS_ASSERTIONS = NO;
				ENABLE_STRICT_OBJC_MSGSEND = YES;
				GCC_C_LANGUAGE_STANDARD = gnu99;
				GCC_NO_COMMON_BLOCKS = YES;
				GCC_WARN_64_TO_32_BIT_CONVERSION = YES;
				GCC_WARN_ABOUT_RETURN_TYPE = YES_ERROR;
				GCC_WARN_UNDECLARED_SELECTOR = YES;
				GCC_WARN_UNINITIALIZED_AUTOS = YES_AGGRESSIVE;
				GCC_WARN_UNUSED_FUNCTION = YES;
				GCC_WARN_UNUSED_VARIABLE = YES;
				IPHONEOS_DEPLOYMENT_TARGET = 10.1;
				MTL_ENABLE_DEBUG_INFO = NO;
				SDKROOT = iphoneos;
				SWIFT_OPTIMIZATION_LEVEL = "-Owholemodule";
				VALIDATE_PRODUCT = YES;
			};
			name = Release;
		};
		D2BC7DE21E09B25F0040C489 /* Debug */ = {
			isa = XCBuildConfiguration;
			baseConfigurationReference = B78742EB0B587B9490714070 /* Pods-ExpenseEntry.debug.xcconfig */;
			buildSettings = {
				ASSETCATALOG_COMPILER_APPICON_NAME = AppIcon;
				CODE_SIGN_ENTITLEMENTS = ExpenseEntry/ExpenseEntry.entitlements;
				DEVELOPMENT_TEAM = R9G77R8PMG;
				HEADER_SEARCH_PATHS = "";
				INFOPLIST_FILE = ExpenseEntry/Info.plist;
				LD_RUNPATH_SEARCH_PATHS = "$(inherited) @executable_path/Frameworks";
				OTHER_LDFLAGS = "";
				PRODUCT_BUNDLE_IDENTIFIER = com.touchsciences.ExpenseEntry;
				PRODUCT_NAME = "$(TARGET_NAME)";
				SWIFT_OBJC_BRIDGING_HEADER = ExpenseEntry/ExpenseEntryBridging.h;
				SWIFT_SWIFT3_OBJC_INFERENCE = Default;
				SWIFT_VERSION = 4.0;
			};
			name = Debug;
		};
		D2BC7DE31E09B25F0040C489 /* Release */ = {
			isa = XCBuildConfiguration;
			baseConfigurationReference = D062C2E541616654AB7E0F8F /* Pods-ExpenseEntry.release.xcconfig */;
			buildSettings = {
				ASSETCATALOG_COMPILER_APPICON_NAME = AppIcon;
				CODE_SIGN_ENTITLEMENTS = ExpenseEntry/ExpenseEntry.entitlements;
				DEVELOPMENT_TEAM = R9G77R8PMG;
				HEADER_SEARCH_PATHS = "";
				INFOPLIST_FILE = ExpenseEntry/Info.plist;
				LD_RUNPATH_SEARCH_PATHS = "$(inherited) @executable_path/Frameworks";
				OTHER_LDFLAGS = "";
				PRODUCT_BUNDLE_IDENTIFIER = com.touchsciences.ExpenseEntry;
				PRODUCT_NAME = "$(TARGET_NAME)";
				SWIFT_OBJC_BRIDGING_HEADER = ExpenseEntry/ExpenseEntryBridging.h;
				SWIFT_SWIFT3_OBJC_INFERENCE = Default;
				SWIFT_VERSION = 4.0;
			};
			name = Release;
		};
/* End XCBuildConfiguration section */

/* Begin XCConfigurationList section */
		D2BC7DC81E09B25F0040C489 /* Build configuration list for PBXProject "ExpenseEntry" */ = {
			isa = XCConfigurationList;
			buildConfigurations = (
				D2BC7DDF1E09B25F0040C489 /* Debug */,
				D2BC7DE01E09B25F0040C489 /* Release */,
			);
			defaultConfigurationIsVisible = 0;
			defaultConfigurationName = Release;
		};
		D2BC7DE11E09B25F0040C489 /* Build configuration list for PBXNativeTarget "ExpenseEntry" */ = {
			isa = XCConfigurationList;
			buildConfigurations = (
				D2BC7DE21E09B25F0040C489 /* Debug */,
				D2BC7DE31E09B25F0040C489 /* Release */,
			);
			defaultConfigurationIsVisible = 0;
			defaultConfigurationName = Release;
		};
/* End XCConfigurationList section */
	};
	rootObject = D2BC7DC51E09B25F0040C489 /* Project object */;
}
